{
  "dependencyEdges": [
    {
      "features": [],
      "from": "unidroit.picc_performance",
      "requested": "0.1.0",
      "resolved": "0.1.0",
      "to": "unidroit.picc"
    }
  ],
  "languageSemantics": "law.core/0.2.0",
  "lockVersion": "0.1",
  "packages": [
    {
      "contentHash": "sha256:280f0e7f468462a0b8601a303cf667982c238e2f7496d5b6fb14374fd828e789",
      "features": [
        "core-executable"
      ],
      "name": "unidroit.picc",
      "namespace": "urn:org:unidroit:clir:picc",
      "registryId": "law-dsl-dev",
      "resolverUri": "registry://law-dsl-dev/unidroit.picc/0.1.0",
      "version": "0.1.0"
    }
  ],
  "resolutionHash": "sha256:b6c9d82eb941499de5aba6443cabde786347292244a046fb91cd918e332bba54",
  "root": {
    "contentHash": "sha256:57dd92da4ed66fd1864e2be846141deffa486e518ab9df7784f249cc29c3b07b",
    "name": "unidroit.picc_performance",
    "namespace": "urn:org:unidroit:clir:picc-performance",
    "version": "0.1.0"
  }
}
