{
  "dependencyEdges": [
    {
      "features": [],
      "from": "unidroit.picc_performance",
      "requested": "0.1.0",
      "resolved": "0.1.0",
      "to": "unidroit.picc"
    }
  ],
  "languageSemantics": "law.core/0.2.0",
  "lockVersion": "0.1",
  "packages": [
    {
      "contentHash": "sha256:d6b1f7b44a69113ed494c0d865ea8fea5349c9820aa496e156d940582fc2c9ae",
      "features": [
        "core-executable"
      ],
      "name": "unidroit.picc",
      "namespace": "urn:org:unidroit:clir:picc",
      "registryId": "law-dsl-dev",
      "resolverUri": "registry://law-dsl-dev/unidroit.picc/0.1.0",
      "version": "0.1.0"
    }
  ],
  "resolutionHash": "sha256:e26ea1fbabb1e95cfdde3dd0b049283bbdf9e2f98b180249d90df29b1b71877f",
  "root": {
    "contentHash": "sha256:57dd92da4ed66fd1864e2be846141deffa486e518ab9df7784f249cc29c3b07b",
    "name": "unidroit.picc_performance",
    "namespace": "urn:org:unidroit:clir:picc-performance",
    "version": "0.1.0"
  }
}
