{
  "dependencyEdges": [
    {
      "features": [],
      "from": "unidroit.picc_limitation",
      "requested": "0.1.0",
      "resolved": "0.1.0",
      "to": "unidroit.picc"
    }
  ],
  "languageSemantics": "law.core/0.2.0",
  "lockVersion": "0.1",
  "packages": [
    {
      "contentHash": "sha256:6816a11b28c4585f43cb887334221dffdd3c54892d04690a34fb0679b293292c",
      "features": [
        "core-executable"
      ],
      "name": "unidroit.picc",
      "namespace": "urn:org:unidroit:clir:picc",
      "registryId": "law-dsl-dev",
      "resolverUri": "registry://law-dsl-dev/unidroit.picc/0.1.0",
      "version": "0.1.0"
    }
  ],
  "resolutionHash": "sha256:fcec9c1914d71ed2afb68377c774cec2244cd23f1b6c897f3027770a2501daa5",
  "root": {
    "contentHash": "sha256:84f380c6dee8804699ca43e1ac4bc299c32b64ac0959bb330336938edfa0bf61",
    "name": "unidroit.picc_limitation",
    "namespace": "urn:org:unidroit:clir:picc-limitation",
    "version": "0.1.0"
  }
}
