{
  "dependencyEdges": [
    {
      "features": [],
      "from": "unidroit.picc_limitation",
      "requested": "0.1.0",
      "resolved": "0.1.0",
      "to": "unidroit.picc"
    }
  ],
  "languageSemantics": "law.core/0.2.0",
  "lockVersion": "0.1",
  "packages": [
    {
      "contentHash": "sha256:239ee9cd1f5d68803385c9d3e920400ce50e05341ff3d5ebd231bf37cbca2d0b",
      "features": [
        "core-executable"
      ],
      "name": "unidroit.picc",
      "namespace": "urn:org:unidroit:clir:picc",
      "registryId": "law-dsl-dev",
      "resolverUri": "registry://law-dsl-dev/unidroit.picc/0.1.0",
      "version": "0.1.0"
    }
  ],
  "resolutionHash": "sha256:1a7fa13a4a92551168e9db6bae161a52c7f9b69f0eefae74c2e4cfd91b927c64",
  "root": {
    "contentHash": "sha256:84f380c6dee8804699ca43e1ac4bc299c32b64ac0959bb330336938edfa0bf61",
    "name": "unidroit.picc_limitation",
    "namespace": "urn:org:unidroit:clir:picc-limitation",
    "version": "0.1.0"
  }
}
