{
  "dependencyEdges": [
    {
      "features": [],
      "from": "examples.unidroit.interest_rate",
      "requested": "0.1.0",
      "resolved": "0.1.0",
      "to": "unidroit.picc"
    },
    {
      "features": [],
      "from": "examples.unidroit.interest_rate",
      "requested": "0.1.0",
      "resolved": "0.1.0",
      "to": "unidroit.picc_non_performance"
    },
    {
      "features": [],
      "from": "unidroit.picc_non_performance",
      "requested": "0.1.0",
      "resolved": "0.1.0",
      "to": "unidroit.picc"
    }
  ],
  "languageSemantics": "law.core/0.2.0",
  "lockVersion": "0.1",
  "packages": [
    {
      "contentHash": "sha256:239ee9cd1f5d68803385c9d3e920400ce50e05341ff3d5ebd231bf37cbca2d0b",
      "features": [
        "core-executable"
      ],
      "name": "unidroit.picc",
      "namespace": "urn:org:unidroit:clir:picc",
      "version": "0.1.0"
    },
    {
      "contentHash": "sha256:ca2ff9392bd2c40b9ce26dce38a74f10970372dbba95c6bfc5f0fae171404309",
      "features": [
        "core-executable"
      ],
      "name": "unidroit.picc_non_performance",
      "namespace": "urn:org:unidroit:clir:picc-non-performance",
      "version": "0.1.0"
    }
  ],
  "resolutionHash": "sha256:112e6bcbd8887633aa17b47dfd873f597b1175384d64bc4d3f7b8d6413c5a919",
  "root": {
    "contentHash": "sha256:b65f807c95c583c9fe2575f713a6d2d657eaf4b1c487d9d08c8f2c68d9751aa6",
    "name": "examples.unidroit.interest_rate",
    "namespace": "urn:law:examples:unidroit:interest-rate",
    "version": "0.1.0"
  }
}
