{
  "dependencyEdges": [
    {
      "features": [],
      "from": "examples.unidroit.interest_rate",
      "requested": "0.1.0",
      "resolved": "0.1.0",
      "to": "unidroit.picc"
    },
    {
      "features": [],
      "from": "examples.unidroit.interest_rate",
      "requested": "0.1.0",
      "resolved": "0.1.0",
      "to": "unidroit.picc_non_performance"
    },
    {
      "features": [],
      "from": "unidroit.picc_non_performance",
      "requested": "0.1.0",
      "resolved": "0.1.0",
      "to": "unidroit.picc"
    }
  ],
  "languageSemantics": "law.core/0.2.0",
  "lockVersion": "0.1",
  "packages": [
    {
      "contentHash": "sha256:6816a11b28c4585f43cb887334221dffdd3c54892d04690a34fb0679b293292c",
      "features": [
        "core-executable"
      ],
      "name": "unidroit.picc",
      "namespace": "urn:org:unidroit:clir:picc",
      "version": "0.1.0"
    },
    {
      "contentHash": "sha256:85bb7e4c31a5b0438c4e588aacd8c5129af23cfec850ad3bb806eeeea78b1630",
      "features": [
        "core-executable"
      ],
      "name": "unidroit.picc_non_performance",
      "namespace": "urn:org:unidroit:clir:picc-non-performance",
      "version": "0.1.0"
    }
  ],
  "resolutionHash": "sha256:9794e55031be20e01746319300096043ab720db80deb0b93c3646ee6cff9b000",
  "root": {
    "contentHash": "sha256:b65f807c95c583c9fe2575f713a6d2d657eaf4b1c487d9d08c8f2c68d9751aa6",
    "name": "examples.unidroit.interest_rate",
    "namespace": "urn:law:examples:unidroit:interest-rate",
    "version": "0.1.0"
  }
}
