{
  "dependencyEdges": [
    {
      "features": [],
      "from": "unidroit.picc_non_performance",
      "requested": "0.1.0",
      "resolved": "0.1.0",
      "to": "unidroit.picc"
    }
  ],
  "languageSemantics": "law.core/0.2.0",
  "lockVersion": "0.1",
  "packages": [
    {
      "contentHash": "sha256:d6b1f7b44a69113ed494c0d865ea8fea5349c9820aa496e156d940582fc2c9ae",
      "features": [
        "core-executable"
      ],
      "name": "unidroit.picc",
      "namespace": "urn:org:unidroit:clir:picc",
      "registryId": "law-dsl-dev",
      "resolverUri": "registry://law-dsl-dev/unidroit.picc/0.1.0",
      "version": "0.1.0"
    }
  ],
  "resolutionHash": "sha256:acfcc5d644732fd4d8b1f240b330dfadaf413772d077b92f4542695733a6cfb7",
  "root": {
    "contentHash": "sha256:6b2c1e73301508de4f4fce8edf89974e1fce392893f89e16a39f26e9214f2bc4",
    "name": "unidroit.picc_non_performance",
    "namespace": "urn:org:unidroit:clir:picc-non-performance",
    "version": "0.1.0"
  }
}
