{
  "dependencyEdges": [
    {
      "features": [],
      "from": "examples.unidroit.applying_the_principles",
      "requested": "0.1.0",
      "resolved": "0.1.0",
      "to": "unidroit.picc"
    }
  ],
  "languageSemantics": "law.core/0.2.0",
  "lockVersion": "0.1",
  "packages": [
    {
      "contentHash": "sha256:239ee9cd1f5d68803385c9d3e920400ce50e05341ff3d5ebd231bf37cbca2d0b",
      "features": [
        "core-executable"
      ],
      "name": "unidroit.picc",
      "namespace": "urn:org:unidroit:clir:picc",
      "version": "0.1.0"
    }
  ],
  "resolutionHash": "sha256:04899f454f2d19d7d7b3d74fc28c51ebbff1a56d467e691d4b92a03288dcf182",
  "root": {
    "contentHash": "sha256:e92b622923eb4307665c9323c9598c8cdd299744361c2ecf6e20a4e84658d384",
    "name": "examples.unidroit.applying_the_principles",
    "namespace": "urn:law:examples:unidroit:applying-the-principles",
    "version": "0.1.0"
  }
}
