{
  "dependencyEdges": [
    {
      "features": [],
      "from": "unidroit.picc_formation",
      "requested": "0.1.0",
      "resolved": "0.1.0",
      "to": "unidroit.picc"
    }
  ],
  "languageSemantics": "law.core/0.2.0",
  "lockVersion": "0.1",
  "packages": [
    {
      "contentHash": "sha256:280f0e7f468462a0b8601a303cf667982c238e2f7496d5b6fb14374fd828e789",
      "features": [
        "core-executable"
      ],
      "name": "unidroit.picc",
      "namespace": "urn:org:unidroit:clir:picc",
      "registryId": "law-dsl-dev",
      "resolverUri": "registry://law-dsl-dev/unidroit.picc/0.1.0",
      "version": "0.1.0"
    }
  ],
  "resolutionHash": "sha256:3428d9a1f07ee4e841751a1d0270c26e1c6b5159ac3ab7d352d7ec75a6b727e0",
  "root": {
    "contentHash": "sha256:26ae770dd3272c13ba9c9d5f418b47afa2d6811ddfa020f61e328b2ad3c94226",
    "name": "unidroit.picc_formation",
    "namespace": "urn:org:unidroit:clir:picc-formation",
    "version": "0.1.0"
  }
}
