{
  "dependencyEdges": [
    {
      "features": [],
      "from": "examples.unidroit.limitation_periods",
      "requested": "0.1.0",
      "resolved": "0.1.0",
      "to": "unidroit.picc"
    },
    {
      "features": [],
      "from": "examples.unidroit.limitation_periods",
      "requested": "0.1.0",
      "resolved": "0.1.0",
      "to": "unidroit.picc_limitation"
    },
    {
      "features": [],
      "from": "unidroit.picc_limitation",
      "requested": "0.1.0",
      "resolved": "0.1.0",
      "to": "unidroit.picc"
    }
  ],
  "languageSemantics": "law.core/0.2.0",
  "lockVersion": "0.1",
  "packages": [
    {
      "contentHash": "sha256:6816a11b28c4585f43cb887334221dffdd3c54892d04690a34fb0679b293292c",
      "features": [
        "core-executable"
      ],
      "name": "unidroit.picc",
      "namespace": "urn:org:unidroit:clir:picc",
      "version": "0.1.0"
    },
    {
      "contentHash": "sha256:53b6e5929134daff4c99966e2d7cb92e50d0a8f37cd1aa038ed353b61fc90073",
      "features": [
        "core-executable"
      ],
      "name": "unidroit.picc_limitation",
      "namespace": "urn:org:unidroit:clir:picc-limitation",
      "version": "0.1.0"
    }
  ],
  "resolutionHash": "sha256:8f2ca31505be56101be7641048dbc1508fab787a4fcc00a938daca4ef27e1e01",
  "root": {
    "contentHash": "sha256:0267f300640f7c9554531ae7b2662064ba353b29db8950714fc5e2c6ef212de7",
    "name": "examples.unidroit.limitation_periods",
    "namespace": "urn:law:examples:unidroit:limitation-periods",
    "version": "0.1.0"
  }
}
