{
  "dependencyEdges": [
    {
      "features": [],
      "from": "examples.unidroit.limitation_periods",
      "requested": "0.1.0",
      "resolved": "0.1.0",
      "to": "unidroit.picc"
    },
    {
      "features": [],
      "from": "examples.unidroit.limitation_periods",
      "requested": "0.1.0",
      "resolved": "0.1.0",
      "to": "unidroit.picc_limitation"
    },
    {
      "features": [],
      "from": "unidroit.picc_limitation",
      "requested": "0.1.0",
      "resolved": "0.1.0",
      "to": "unidroit.picc"
    }
  ],
  "languageSemantics": "law.core/0.2.0",
  "lockVersion": "0.1",
  "packages": [
    {
      "contentHash": "sha256:239ee9cd1f5d68803385c9d3e920400ce50e05341ff3d5ebd231bf37cbca2d0b",
      "features": [
        "core-executable"
      ],
      "name": "unidroit.picc",
      "namespace": "urn:org:unidroit:clir:picc",
      "version": "0.1.0"
    },
    {
      "contentHash": "sha256:ac062d4eb2aba4c793ba5c71e82d66024d69c40934ce3a59d8650585c72ab6a2",
      "features": [
        "core-executable"
      ],
      "name": "unidroit.picc_limitation",
      "namespace": "urn:org:unidroit:clir:picc-limitation",
      "version": "0.1.0"
    }
  ],
  "resolutionHash": "sha256:188f3d869c1a085a7914be94b2b9534d6c7eb15a68b6da6db98b40e3977678d1",
  "root": {
    "contentHash": "sha256:0267f300640f7c9554531ae7b2662064ba353b29db8950714fc5e2c6ef212de7",
    "name": "examples.unidroit.limitation_periods",
    "namespace": "urn:law:examples:unidroit:limitation-periods",
    "version": "0.1.0"
  }
}
