{
  "dependencyEdges": [
    {
      "features": [],
      "from": "unidroit.picc_obligations",
      "requested": "0.1.0",
      "resolved": "0.1.0",
      "to": "unidroit.picc"
    }
  ],
  "languageSemantics": "law.core/0.2.0",
  "lockVersion": "0.1",
  "packages": [
    {
      "contentHash": "sha256:280f0e7f468462a0b8601a303cf667982c238e2f7496d5b6fb14374fd828e789",
      "features": [
        "core-executable"
      ],
      "name": "unidroit.picc",
      "namespace": "urn:org:unidroit:clir:picc",
      "registryId": "law-dsl-dev",
      "resolverUri": "registry://law-dsl-dev/unidroit.picc/0.1.0",
      "version": "0.1.0"
    }
  ],
  "resolutionHash": "sha256:b1a8bd1f85c8e60a0b96644824c764b5ba0d833bd7b70221d5537350aaf4119d",
  "root": {
    "contentHash": "sha256:ad95b3280107eacb329d750fdf38988503d6652149d3c6ca310ba1ab21f04e04",
    "name": "unidroit.picc_obligations",
    "namespace": "urn:org:unidroit:clir:picc-obligations",
    "version": "0.1.0"
  }
}
