{
  "dependencyEdges": [
    {
      "features": [],
      "from": "unidroit.picc_obligations",
      "requested": "0.1.0",
      "resolved": "0.1.0",
      "to": "unidroit.picc"
    }
  ],
  "languageSemantics": "law.core/0.2.0",
  "lockVersion": "0.1",
  "packages": [
    {
      "contentHash": "sha256:239ee9cd1f5d68803385c9d3e920400ce50e05341ff3d5ebd231bf37cbca2d0b",
      "features": [
        "core-executable"
      ],
      "name": "unidroit.picc",
      "namespace": "urn:org:unidroit:clir:picc",
      "registryId": "law-dsl-dev",
      "resolverUri": "registry://law-dsl-dev/unidroit.picc/0.1.0",
      "version": "0.1.0"
    }
  ],
  "resolutionHash": "sha256:3e56e6f63b8abeb5107f53ae0f9ea51b366f4fe7944764a1ae4686c1b4b75894",
  "root": {
    "contentHash": "sha256:ad95b3280107eacb329d750fdf38988503d6652149d3c6ca310ba1ab21f04e04",
    "name": "unidroit.picc_obligations",
    "namespace": "urn:org:unidroit:clir:picc-obligations",
    "version": "0.1.0"
  }
}
