{
  "dependencyEdges": [
    {
      "features": [],
      "from": "unidroit.picc_validity",
      "requested": "0.1.0",
      "resolved": "0.1.0",
      "to": "unidroit.picc"
    }
  ],
  "languageSemantics": "law.core/0.2.0",
  "lockVersion": "0.1",
  "packages": [
    {
      "contentHash": "sha256:239ee9cd1f5d68803385c9d3e920400ce50e05341ff3d5ebd231bf37cbca2d0b",
      "features": [
        "core-executable"
      ],
      "name": "unidroit.picc",
      "namespace": "urn:org:unidroit:clir:picc",
      "registryId": "law-dsl-dev",
      "resolverUri": "registry://law-dsl-dev/unidroit.picc/0.1.0",
      "version": "0.1.0"
    }
  ],
  "resolutionHash": "sha256:c379fd164e7a0463470b9d025df7b9a845a0dfa004a105b0fb1eccb1cac7d9b4",
  "root": {
    "contentHash": "sha256:c2370cc8263b520edd57295a8bf863b3fe3c0350469aa48055e0355af2d7023a",
    "name": "unidroit.picc_validity",
    "namespace": "urn:org:unidroit:clir:picc-validity",
    "version": "0.1.0"
  }
}
