{
  "dependencyEdges": [
    {
      "features": [],
      "from": "examples.unidroit.battle_of_forms",
      "requested": "0.1.0",
      "resolved": "0.1.0",
      "to": "unidroit.picc"
    },
    {
      "features": [],
      "from": "examples.unidroit.battle_of_forms",
      "requested": "0.1.0",
      "resolved": "0.1.0",
      "to": "unidroit.picc_formation"
    },
    {
      "features": [],
      "from": "unidroit.picc_formation",
      "requested": "0.1.0",
      "resolved": "0.1.0",
      "to": "unidroit.picc"
    }
  ],
  "languageSemantics": "law.core/0.2.0",
  "lockVersion": "0.1",
  "packages": [
    {
      "contentHash": "sha256:d6b1f7b44a69113ed494c0d865ea8fea5349c9820aa496e156d940582fc2c9ae",
      "features": [
        "core-executable"
      ],
      "name": "unidroit.picc",
      "namespace": "urn:org:unidroit:clir:picc",
      "version": "0.1.0"
    },
    {
      "contentHash": "sha256:8f3df5d5f07f0abdc056193a09dcc7e844a5c0581487d83c8f933733afe29308",
      "features": [
        "core-executable"
      ],
      "name": "unidroit.picc_formation",
      "namespace": "urn:org:unidroit:clir:picc-formation",
      "version": "0.1.0"
    }
  ],
  "resolutionHash": "sha256:1a78ecc4285941467b7c78d763fcc686f157065c1bb053cc4f4edae657753f00",
  "root": {
    "contentHash": "sha256:6831578691a5043024ef43f7056461c6a988fefd1896ad9b0993d51175cf39a7",
    "name": "examples.unidroit.battle_of_forms",
    "namespace": "urn:law:examples:unidroit:battle-of-forms",
    "version": "0.1.0"
  }
}
